hash: 0691665ae3df084e208a5576965a6e11d33244f0211e454af91dacb9b30d551d
updated: 2016-05-09T14:53:16.83274457+02:00
imports:
- name: github.com/armon/go-radix
  version: 4239b77079c7b5d1243b7b4736304ce8ddb6f0f2
- name: github.com/codegangsta/cli
  version: d69b4400b5ac82448a5ab1d8462e80540c94e480
- name: github.com/hashicorp/consul
  version: 26a0ef8c41aa2252ab4cf0844fc6470c8e1d8256
  subpackages:
  - api
  - testutil
  - consul/structs
  - acl
- name: github.com/hashicorp/go-cleanhttp
  version: 875fb671b3ddc66f8e2f0acc33829c8cb989a38d
- name: github.com/hashicorp/go-msgpack
  version: fa3f63826f7c23912c15263591e65d54d080b458
  subpackages:
  - codec
- name: github.com/hashicorp/golang-lru
  version: 5c7531c003d8bf158b0fe5063649a2f41a822146
  subpackages:
  - simplelru
- name: github.com/hashicorp/hcl
  version: 578dd9746824a54637686b51a41bad457a56bcef
  subpackages:
  - hcl/ast
  - hcl/parser
  - hcl/scanner
  - hcl/strconv
  - hcl/token
  - json/parser
  - json/scanner
  - json/token
- name: github.com/hashicorp/serf
  version: e4ec8cc423bbe20d26584b96efbeb9102e16d05f
  subpackages:
  - coordinate
  - serf
- name: github.com/SocialCodeInc/go-gelf
  version: ed7a2993960111ba9584d20c5a351f6c6b4d8dd4
  subpackages:
  - gelf
devImports: []
